{
  "requires": true,
  "lockfileVersion": 1,
  "dependencies": {
    "phonegap-plugin-barcodescanner": {
      "version": "8.0.1",
      "resolved": "https://registry.npmjs.org/phonegap-plugin-barcodescanner/-/phonegap-plugin-barcodescanner-8.0.1.tgz",
      "integrity": "sha512-s+wY33+FPgfl/Yc81mIKoPuBX9yhRow0ARGpFZkmiwNplNs8eEwS+XnAzUlYCn77yvyiSymRmSMjjQdbvyHDuQ=="
    }
  }
}
